// !$*UTF8*$!
{
	archiveVersion = 1;
	classes = {
	};
	objectVersion = 55;
	objects = {

/* Begin PBXBuildFile section */
		742D423027459D45005D4443 /* Networker.swift in Sources */ = {isa = PBXBuildFile; fileRef = 742D422F27459D45005D4443 /* Networker.swift */; };
		74349E99274AB1EF00839E18 /* DetailedCharacterViewController.swift in Sources */ = {isa = PBXBuildFile; fileRef = 74349E98274AB1EF00839E18 /* DetailedCharacterViewController.swift */; };
		74580AFC274DFC1B009A620C /* CharacterImageView.swift in Sources */ = {isa = PBXBuildFile; fileRef = 74580AFB274DFC1B009A620C /* CharacterImageView.swift */; };
		74EAD6DA2741E974009BAE17 /* AppDelegate.swift in Sources */ = {isa = PBXBuildFile; fileRef = 74EAD6D92741E974009BAE17 /* AppDelegate.swift */; };
		74EAD6DC2741E974009BAE17 /* SceneDelegate.swift in Sources */ = {isa = PBXBuildFile; fileRef = 74EAD6DB2741E974009BAE17 /* SceneDelegate.swift */; };
		74EAD6E12741E974009BAE17 /* Main.storyboard in Resources */ = {isa = PBXBuildFile; fileRef = 74EAD6DF2741E974009BAE17 /* Main.storyboard */; };
		74EAD6E32741E976009BAE17 /* Assets.xcassets in Resources */ = {isa = PBXBuildFile; fileRef = 74EAD6E22741E976009BAE17 /* Assets.xcassets */; };
		74EAD6E62741E976009BAE17 /* LaunchScreen.storyboard in Resources */ = {isa = PBXBuildFile; fileRef = 74EAD6E42741E976009BAE17 /* LaunchScreen.storyboard */; };
		74EAD6F02741EBD0009BAE17 /* CharacterCollectionViewController.swift in Sources */ = {isa = PBXBuildFile; fileRef = 74EAD6EF2741EBD0009BAE17 /* CharacterCollectionViewController.swift */; };
		74EAD6F32741ED8F009BAE17 /* CharacterCell.swift in Sources */ = {isa = PBXBuildFile; fileRef = 74EAD6F22741ED8F009BAE17 /* CharacterCell.swift */; };
		74EAD6F62741FE46009BAE17 /* RickAndMorty.swift in Sources */ = {isa = PBXBuildFile; fileRef = 74EAD6F52741FE46009BAE17 /* RickAndMorty.swift */; };
/* End PBXBuildFile section */

/* Begin PBXFileReference section */
		742D422F27459D45005D4443 /* Networker.swift */ = {isa = PBXFileReference; lastKnownFileType = sourcecode.swift; path = Networker.swift; sourceTree = "<group>"; };
		74349E98274AB1EF00839E18 /* DetailedCharacterViewController.swift */ = {isa = PBXFileReference; lastKnownFileType = sourcecode.swift; path = DetailedCharacterViewController.swift; sourceTree = "<group>"; };
		74580AFB274DFC1B009A620C /* CharacterImageView.swift */ = {isa = PBXFileReference; lastKnownFileType = sourcecode.swift; path = CharacterImageView.swift; sourceTree = "<group>"; };
		74EAD6D62741E974009BAE17 /* RickAndMorty.app */ = {isa = PBXFileReference; explicitFileType = wrapper.application; includeInIndex = 0; path = RickAndMorty.app; sourceTree = BUILT_PRODUCTS_DIR; };
		74EAD6D92741E974009BAE17 /* AppDelegate.swift */ = {isa = PBXFileReference; lastKnownFileType = sourcecode.swift; path = AppDelegate.swift; sourceTree = "<group>"; };
		74EAD6DB2741E974009BAE17 /* SceneDelegate.swift */ = {isa = PBXFileReference; lastKnownFileType = sourcecode.swift; path = SceneDelegate.swift; sourceTree = "<group>"; };
		74EAD6E02741E974009BAE17 /* Base */ = {isa = PBXFileReference; lastKnownFileType = file.storyboard; name = Base; path = Base.lproj/Main.storyboard; sourceTree = "<group>"; };
		74EAD6E22741E976009BAE17 /* Assets.xcassets */ = {isa = PBXFileReference; lastKnownFileType = folder.assetcatalog; path = Assets.xcassets; sourceTree = "<group>"; };
		74EAD6E52741E976009BAE17 /* Base */ = {isa = PBXFileReference; lastKnownFileType = file.storyboard; name = Base; path = Base.lproj/LaunchScreen.storyboard; sourceTree = "<group>"; };
		74EAD6E72741E976009BAE17 /* Info.plist */ = {isa = PBXFileReference; lastKnownFileType = text.plist.xml; path = Info.plist; sourceTree = "<group>"; };
		74EAD6EF2741EBD0009BAE17 /* CharacterCollectionViewController.swift */ = {isa = PBXFileReference; lastKnownFileType = sourcecode.swift; path = CharacterCollectionViewController.swift; sourceTree = "<group>"; };
		74EAD6F22741ED8F009BAE17 /* CharacterCell.swift */ = {isa = PBXFileReference; lastKnownFileType = sourcecode.swift; path = CharacterCell.swift; sourceTree = "<group>"; };
		74EAD6F52741FE46009BAE17 /* RickAndMorty.swift */ = {isa = PBXFileReference; lastKnownFileType = sourcecode.swift; path = RickAndMorty.swift; sourceTree = "<group>"; };
/* End PBXFileReference section */

/* Begin PBXFrameworksBuildPhase section */
		74EAD6D32741E974009BAE17 /* Frameworks */ = {
			isa = PBXFrameworksBuildPhase;
			buildActionMask = 2147483647;
			files = (
			);
			runOnlyForDeploymentPostprocessing = 0;
		};
/* End PBXFrameworksBuildPhase section */

/* Begin PBXGroup section */
		742D423127459D4F005D4443 /* Services */ = {
			isa = PBXGroup;
			children = (
				742D422F27459D45005D4443 /* Networker.swift */,
			);
			path = Services;
			sourceTree = "<group>";
		};
		74EAD6CD2741E974009BAE17 = {
			isa = PBXGroup;
			children = (
				74EAD6D82741E974009BAE17 /* RickAndMorty */,
				74EAD6D72741E974009BAE17 /* Products */,
			);
			sourceTree = "<group>";
		};
		74EAD6D72741E974009BAE17 /* Products */ = {
			isa = PBXGroup;
			children = (
				74EAD6D62741E974009BAE17 /* RickAndMorty.app */,
			);
			name = Products;
			sourceTree = "<group>";
		};
		74EAD6D82741E974009BAE17 /* RickAndMorty */ = {
			isa = PBXGroup;
			children = (
				74EAD6EE2741EA78009BAE17 /* SupportingFiles */,
				74EAD6ED2741EA02009BAE17 /* Storyboards */,
				74EAD6F92742008A009BAE17 /* Models */,
				74EAD6F42741ED9A009BAE17 /* Views */,
				74EAD6F12741EBE6009BAE17 /* ViewControllers */,
				742D423127459D4F005D4443 /* Services */,
				74EAD6E22741E976009BAE17 /* Assets.xcassets */,
			);
			path = RickAndMorty;
			sourceTree = "<group>";
		};
		74EAD6ED2741EA02009BAE17 /* Storyboards */ = {
			isa = PBXGroup;
			children = (
				74EAD6DF2741E974009BAE17 /* Main.storyboard */,
				74EAD6E42741E976009BAE17 /* LaunchScreen.storyboard */,
			);
			path = Storyboards;
			sourceTree = "<group>";
		};
		74EAD6EE2741EA78009BAE17 /* SupportingFiles */ = {
			isa = PBXGroup;
			children = (
				74EAD6D92741E974009BAE17 /* AppDelegate.swift */,
				74EAD6DB2741E974009BAE17 /* SceneDelegate.swift */,
				74EAD6E72741E976009BAE17 /* Info.plist */,
			);
			path = SupportingFiles;
			sourceTree = "<group>";
		};
		74EAD6F12741EBE6009BAE17 /* ViewControllers */ = {
			isa = PBXGroup;
			children = (
				74EAD6EF2741EBD0009BAE17 /* CharacterCollectionViewController.swift */,
				74349E98274AB1EF00839E18 /* DetailedCharacterViewController.swift */,
			);
			path = ViewControllers;
			sourceTree = "<group>";
		};
		74EAD6F42741ED9A009BAE17 /* Views */ = {
			isa = PBXGroup;
			children = (
				74EAD6F22741ED8F009BAE17 /* CharacterCell.swift */,
				74580AFB274DFC1B009A620C /* CharacterImageView.swift */,
			);
			path = Views;
			sourceTree = "<group>";
		};
		74EAD6F92742008A009BAE17 /* Models */ = {
			isa = PBXGroup;
			children = (
				74EAD6F52741FE46009BAE17 /* RickAndMorty.swift */,
			);
			path = Models;
			sourceTree = "<group>";
		};
/* End PBXGroup section */

/* Begin PBXNativeTarget section */
		74EAD6D52741E974009BAE17 /* RickAndMorty */ = {
			isa = PBXNativeTarget;
			buildConfigurationList = 74EAD6EA2741E976009BAE17 /* Build configuration list for PBXNativeTarget "RickAndMorty" */;
			buildPhases = (
				74EAD6D22741E974009BAE17 /* Sources */,
				74EAD6D32741E974009BAE17 /* Frameworks */,
				74EAD6D42741E974009BAE17 /* Resources */,
			);
			buildRules = (
			);
			dependencies = (
			);
			name = RickAndMorty;
			productName = RickAndMorty;
			productReference = 74EAD6D62741E974009BAE17 /* RickAndMorty.app */;
			productType = "com.apple.product-type.application";
		};
/* End PBXNativeTarget section */

/* Begin PBXProject section */
		74EAD6CE2741E974009BAE17 /* Project object */ = {
			isa = PBXProject;
			attributes = {
				BuildIndependentTargetsInParallel = 1;
				LastSwiftUpdateCheck = 1310;
				LastUpgradeCheck = 1310;
				TargetAttributes = {
					74EAD6D52741E974009BAE17 = {
						CreatedOnToolsVersion = 13.1;
					};
				};
			};
			buildConfigurationList = 74EAD6D12741E974009BAE17 /* Build configuration list for PBXProject "RickAndMorty" */;
			compatibilityVersion = "Xcode 13.0";
			developmentRegion = en;
			hasScannedForEncodings = 0;
			knownRegions = (
				en,
				Base,
			);
			mainGroup = 74EAD6CD2741E974009BAE17;
			productRefGroup = 74EAD6D72741E974009BAE17 /* Products */;
			projectDirPath = "";
			projectRoot = "";
			targets = (
				74EAD6D52741E974009BAE17 /* RickAndMorty */,
			);
		};
/* End PBXProject section */

/* Begin PBXResourcesBuildPhase section */
		74EAD6D42741E974009BAE17 /* Resources */ = {
			isa = PBXResourcesBuildPhase;
			buildActionMask = 2147483647;
			files = (
				74EAD6E62741E976009BAE17 /* LaunchScreen.storyboard in Resources */,
				74EAD6E32741E976009BAE17 /* Assets.xcassets in Resources */,
				74EAD6E12741E974009BAE17 /* Main.storyboard in Resources */,
			);
			runOnlyForDeploymentPostprocessing = 0;
		};
/* End PBXResourcesBuildPhase section */

/* Begin PBXSourcesBuildPhase section */
		74EAD6D22741E974009BAE17 /* Sources */ = {
			isa = PBXSourcesBuildPhase;
			buildActionMask = 2147483647;
			files = (
				74EAD6F02741EBD0009BAE17 /* CharacterCollectionViewController.swift in Sources */,
				74EAD6DA2741E974009BAE17 /* AppDelegate.swift in Sources */,
				74EAD6DC2741E974009BAE17 /* SceneDelegate.swift in Sources */,
				74349E99274AB1EF00839E18 /* DetailedCharacterViewController.swift in Sources */,
				74EAD6F62741FE46009BAE17 /* RickAndMorty.swift in Sources */,
				74EAD6F32741ED8F009BAE17 /* CharacterCell.swift in Sources */,
				74580AFC274DFC1B009A620C /* CharacterImageView.swift in Sources */,
				742D423027459D45005D4443 /* Networker.swift in Sources */,
			);
			runOnlyForDeploymentPostprocessing = 0;
		};
/* End PBXSourcesBuildPhase section */

/* Begin PBXVariantGroup section */
		74EAD6DF2741E974009BAE17 /* Main.storyboard */ = {
			isa = PBXVariantGroup;
			children = (
				74EAD6E02741E974009BAE17 /* Base */,
			);
			name = Main.storyboard;
			sourceTree = "<group>";
		};
		74EAD6E42741E976009BAE17 /* LaunchScreen.storyboard */ = {
			isa = PBXVariantGroup;
			children = (
				74EAD6E52741E976009BAE17 /* Base */,
			);
			name = LaunchScreen.storyboard;
			sourceTree = "<group>";
		};
/* End PBXVariantGroup section */

/* Begin XCBuildConfiguration section */
		74EAD6E82741E976009BAE17 /* Debug */ = {
			isa = XCBuildConfiguration;
			buildSettings = {
				ALWAYS_SEARCH_USER_PATHS = NO;
				CLANG_ANALYZER_NONNULL = YES;
				CLANG_ANALYZER_NUMBER_OBJECT_CONVERSION = YES_AGGRESSIVE;
				CLANG_CXX_LANGUAGE_STANDARD = "gnu++17";
				CLANG_CXX_LIBRARY = "libc++";
				CLANG_ENABLE_MODULES = YES;
				CLANG_ENABLE_OBJC_ARC = YES;
				CLANG_ENABLE_OBJC_WEAK = YES;
				CLANG_WARN_BLOCK_CAPTURE_AUTORELEASING = YES;
				CLANG_WARN_BOOL_CONVERSION = YES;
				CLANG_WARN_COMMA = YES;
				CLANG_WARN_CONSTANT_CONVERSION = YES;
				CLANG_WARN_DEPRECATED_OBJC_IMPLEMENTATIONS = YES;
				CLANG_WARN_DIRECT_OBJC_ISA_USAGE = YES_ERROR;
				CLANG_WARN_DOCUMENTATION_COMMENTS = YES;
				CLANG_WARN_EMPTY_BODY = YES;
				CLANG_WARN_ENUM_CONVERSION = YES;
				CLANG_WARN_INFINITE_RECURSION = YES;
				CLANG_WARN_INT_CONVERSION = YES;
				CLANG_WARN_NON_LITERAL_NULL_CONVERSION = YES;
				CLANG_WARN_OBJC_IMPLICIT_RETAIN_SELF = YES;
				CLANG_WARN_OBJC_LITERAL_CONVERSION = YES;
				CLANG_WARN_OBJC_ROOT_CLASS = YES_ERROR;
				CLANG_WARN_QUOTED_INCLUDE_IN_FRAMEWORK_HEADER = YES;
				CLANG_WARN_RANGE_LOOP_ANALYSIS = YES;
				CLANG_WARN_STRICT_PROTOTYPES = YES;
				CLANG_WARN_SUSPICIOUS_MOVE = YES;
				CLANG_WARN_UNGUARDED_AVAILABILITY = YES_AGGRESSIVE;
				CLANG_WARN_UNREACHABLE_CODE = YES;
				CLANG_WARN__DUPLICATE_METHOD_MATCH = YES;
				COPY_PHASE_STRIP = NO;
				DEBUG_INFORMATION_FORMAT = dwarf;
				ENABLE_STRICT_OBJC_MSGSEND = YES;
				ENABLE_TESTABILITY = YES;
				GCC_C_LANGUAGE_STANDARD = gnu11;
				GCC_DYNAMIC_NO_PIC = NO;
				GCC_NO_COMMON_BLOCKS = YES;
				GCC_OPTIMIZATION_LEVEL = 0;
				GCC_PREPROCESSOR_DEFINITIONS = (
					"DEBUG=1",
					"$(inherited)",
				);
				GCC_WARN_64_TO_32_BIT_CONVERSION = YES;
				GCC_WARN_ABOUT_RETURN_TYPE = YES_ERROR;
				GCC_WARN_UNDECLARED_SELECTOR = YES;
				GCC_WARN_UNINITIALIZED_AUTOS = YES_AGGRESSIVE;
				GCC_WARN_UNUSED_FUNCTION = YES;
				GCC_WARN_UNUSED_VARIABLE = YES;
				IPHONEOS_DEPLOYMENT_TARGET = 13.0;
				MTL_ENABLE_DEBUG_INFO = INCLUDE_SOURCE;
				MTL_FAST_MATH = YES;
				ONLY_ACTIVE_ARCH = YES;
				SDKROOT = iphoneos;
				SWIFT_ACTIVE_COMPILATION_CONDITIONS = DEBUG;
				SWIFT_OPTIMIZATION_LEVEL = "-Onone";
			};
			name = Debug;
		};
		74EAD6E92741E976009BAE17 /* Release */ = {
			isa = XCBuildConfiguration;
			buildSettings = {
				ALWAYS_SEARCH_USER_PATHS = NO;
				CLANG_ANALYZER_NONNULL = YES;
				CLANG_ANALYZER_NUMBER_OBJECT_CONVERSION = YES_AGGRESSIVE;
				CLANG_CXX_LANGUAGE_STANDARD = "gnu++17";
				CLANG_CXX_LIBRARY = "libc++";
				CLANG_ENABLE_MODULES = YES;
				CLANG_ENABLE_OBJC_ARC = YES;
				CLANG_ENABLE_OBJC_WEAK = YES;
				CLANG_WARN_BLOCK_CAPTURE_AUTORELEASING = YES;
				CLANG_WARN_BOOL_CONVERSION = YES;
				CLANG_WARN_COMMA = YES;
				CLANG_WARN_CONSTANT_CONVERSION = YES;
				CLANG_WARN_DEPRECATED_OBJC_IMPLEMENTATIONS = YES;
				CLANG_WARN_DIRECT_OBJC_ISA_USAGE = YES_ERROR;
				CLANG_WARN_DOCUMENTATION_COMMENTS = YES;
				CLANG_WARN_EMPTY_BODY = YES;
				CLANG_WARN_ENUM_CONVERSION = YES;
				CLANG_WARN_INFINITE_RECURSION = YES;
				CLANG_WARN_INT_CONVERSION = YES;
				CLANG_WARN_NON_LITERAL_NULL_CONVERSION = YES;
				CLANG_WARN_OBJC_IMPLICIT_RETAIN_SELF = YES;
				CLANG_WARN_OBJC_LITERAL_CONVERSION = YES;
				CLANG_WARN_OBJC_ROOT_CLASS = YES_ERROR;
				CLANG_WARN_QUOTED_INCLUDE_IN_FRAMEWORK_HEADER = YES;
				CLANG_WARN_RANGE_LOOP_ANALYSIS = YES;
				CLANG_WARN_STRICT_PROTOTYPES = YES;
				CLANG_WARN_SUSPICIOUS_MOVE = YES;
				CLANG_WARN_UNGUARDED_AVAILABILITY = YES_AGGRESSIVE;
				CLANG_WARN_UNREACHABLE_CODE = YES;
				CLANG_WARN__DUPLICATE_METHOD_MATCH = YES;
				COPY_PHASE_STRIP = NO;
				DEBUG_INFORMATION_FORMAT = "dwarf-with-dsym";
				ENABLE_NS_ASSERTIONS = NO;
				ENABLE_STRICT_OBJC_MSGSEND = YES;
				GCC_C_LANGUAGE_STANDARD = gnu11;
				GCC_NO_COMMON_BLOCKS = YES;
				GCC_WARN_64_TO_32_BIT_CONVERSION = YES;
				GCC_WARN_ABOUT_RETURN_TYPE = YES_ERROR;
				GCC_WARN_UNDECLARED_SELECTOR = YES;
				GCC_WARN_UNINITIALIZED_AUTOS = YES_AGGRESSIVE;
				GCC_WARN_UNUSED_FUNCTION = YES;
				GCC_WARN_UNUSED_VARIABLE = YES;
				IPHONEOS_DEPLOYMENT_TARGET = 13.0;
				MTL_ENABLE_DEBUG_INFO = NO;
				MTL_FAST_MATH = YES;
				SDKROOT = iphoneos;
				SWIFT_COMPILATION_MODE = wholemodule;
				SWIFT_OPTIMIZATION_LEVEL = "-O";
				VALIDATE_PRODUCT = YES;
			};
			name = Release;
		};
		74EAD6EB2741E976009BAE17 /* Debug */ = {
			isa = XCBuildConfiguration;
			buildSettings = {
				ASSETCATALOG_COMPILER_APPICON_NAME = AppIcon;
				ASSETCATALOG_COMPILER_GLOBAL_ACCENT_COLOR_NAME = AccentColor;
				CODE_SIGN_STYLE = Automatic;
				CURRENT_PROJECT_VERSION = 1;
				DEVELOPMENT_TEAM = V28WNHS5X7;
				GENERATE_INFOPLIST_FILE = YES;
				INFOPLIST_FILE = RickAndMorty/SupportingFiles/Info.plist;
				INFOPLIST_KEY_CFBundleDisplayName = "Rick And Morty";
				INFOPLIST_KEY_UIApplicationSupportsIndirectInputEvents = YES;
				INFOPLIST_KEY_UILaunchStoryboardName = LaunchScreen;
				INFOPLIST_KEY_UIMainStoryboardFile = Main;
				INFOPLIST_KEY_UISupportedInterfaceOrientations = UIInterfaceOrientationPortrait;
				INFOPLIST_KEY_UISupportedInterfaceOrientations_iPad = "UIInterfaceOrientationPortrait UIInterfaceOrientationPortraitUpsideDown UIInterfaceOrientationLandscapeLeft UIInterfaceOrientationLandscapeRight";
				INFOPLIST_KEY_UISupportedInterfaceOrientations_iPhone = UIInterfaceOrientationPortrait;
				IPHONEOS_DEPLOYMENT_TARGET = 13.0;
				LD_RUNPATH_SEARCH_PATHS = (
					"$(inherited)",
					"@executable_path/Frameworks",
				);
				MARKETING_VERSION = 1.0;
				PRODUCT_BUNDLE_IDENTIFIER = com.MikhailMezentsev.RickAndMorty;
				PRODUCT_NAME = "$(TARGET_NAME)";
				SWIFT_EMIT_LOC_STRINGS = YES;
				SWIFT_VERSION = 5.0;
				TARGETED_DEVICE_FAMILY = 1;
			};
			name = Debug;
		};
		74EAD6EC2741E976009BAE17 /* Release */ = {
			isa = XCBuildConfiguration;
			buildSettings = {
				ASSETCATALOG_COMPILER_APPICON_NAME = AppIcon;
				ASSETCATALOG_COMPILER_GLOBAL_ACCENT_COLOR_NAME = AccentColor;
				CODE_SIGN_STYLE = Automatic;
				CURRENT_PROJECT_VERSION = 1;
				DEVELOPMENT_TEAM = V28WNHS5X7;
				GENERATE_INFOPLIST_FILE = YES;
				INFOPLIST_FILE = RickAndMorty/SupportingFiles/Info.plist;
				INFOPLIST_KEY_CFBundleDisplayName = "Rick And Morty";
				INFOPLIST_KEY_UIApplicationSupportsIndirectInputEvents = YES;
				INFOPLIST_KEY_UILaunchStoryboardName = LaunchScreen;
				INFOPLIST_KEY_UIMainStoryboardFile = Main;
				INFOPLIST_KEY_UISupportedInterfaceOrientations = UIInterfaceOrientationPortrait;
				INFOPLIST_KEY_UISupportedInterfaceOrientations_iPad = "UIInterfaceOrientationPortrait UIInterfaceOrientationPortraitUpsideDown UIInterfaceOrientationLandscapeLeft UIInterfaceOrientationLandscapeRight";
				INFOPLIST_KEY_UISupportedInterfaceOrientations_iPhone = UIInterfaceOrientationPortrait;
				IPHONEOS_DEPLOYMENT_TARGET = 13.0;
				LD_RUNPATH_SEARCH_PATHS = (
					"$(inherited)",
					"@executable_path/Frameworks",
				);
				MARKETING_VERSION = 1.0;
				PRODUCT_BUNDLE_IDENTIFIER = com.MikhailMezentsev.RickAndMorty;
				PRODUCT_NAME = "$(TARGET_NAME)";
				SWIFT_EMIT_LOC_STRINGS = YES;
				SWIFT_VERSION = 5.0;
				TARGETED_DEVICE_FAMILY = 1;
			};
			name = Release;
		};
/* End XCBuildConfiguration section */

/* Begin XCConfigurationList section */
		74EAD6D12741E974009BAE17 /* Build configuration list for PBXProject "RickAndMorty" */ = {
			isa = XCConfigurationList;
			buildConfigurations = (
				74EAD6E82741E976009BAE17 /* Debug */,
				74EAD6E92741E976009BAE17 /* Release */,
			);
			defaultConfigurationIsVisible = 0;
			defaultConfigurationName = Release;
		};
		74EAD6EA2741E976009BAE17 /* Build configuration list for PBXNativeTarget "RickAndMorty" */ = {
			isa = XCConfigurationList;
			buildConfigurations = (
				74EAD6EB2741E976009BAE17 /* Debug */,
				74EAD6EC2741E976009BAE17 /* Release */,
			);
			defaultConfigurationIsVisible = 0;
			defaultConfigurationName = Release;
		};
/* End XCConfigurationList section */
	};
	rootObject = 74EAD6CE2741E974009BAE17 /* Project object */;
}
